
Microsoft Visual Studio Solution File, Format Version 12.00
# Visual Studio Version 17
VisualStudioVersion = 17.7.34202.233
MinimumVisualStudioVersion = 10.0.40219.1
Project("{FAE04EC0-301F-11D3-BF4B-00C04F79EFBC}") = "hafta1", "hafta1\hafta1.csproj", "{45D1E7E0-20A2-40E4-86C2-3F6E82062EFE}"
EndProject
Global
	GlobalSection(SolutionConfigurationPlatforms) = preSolution
		Debug|Any CPU = Debug|Any CPU
		Release|Any CPU = Release|Any CPU
	EndGlobalSection
	GlobalSection(ProjectConfigurationPlatforms) = postSolution
		{45D1E7E0-20A2-40E4-86C2-3F6E82062EFE}.Debug|Any CPU.ActiveCfg = Debug|Any CPU
		{45D1E7E0-20A2-40E4-86C2-3F6E82062EFE}.Debug|Any CPU.Build.0 = Debug|Any CPU
		{45D1E7E0-20A2-40E4-86C2-3F6E82062EFE}.Release|Any CPU.ActiveCfg = Release|Any CPU
		{45D1E7E0-20A2-40E4-86C2-3F6E82062EFE}.Release|Any CPU.Build.0 = Release|Any CPU
	EndGlobalSection
	GlobalSection(SolutionProperties) = preSolution
		HideSolutionNode = FALSE
	EndGlobalSection
	GlobalSection(ExtensibilityGlobals) = postSolution
		SolutionGuid = {45CF42FF-ECF1-4155-8FF1-E0899340C4B6}
	EndGlobalSection
EndGlobal
